
Microsoft Visual Studio Solution File, Format Version 12.00
# Visual Studio Version 17
VisualStudioVersion = 17.9.34728.123
MinimumVisualStudioVersion = 10.0.40219.1
Project("{FAE04EC0-301F-11D3-BF4B-00C04F79EFBC}") = "OktoWallet", "OktoWallet.csproj", "{359CBB1D-539F-403D-B067-CE98EA1F839A}"
EndProject
Global
	GlobalSection(SolutionConfigurationPlatforms) = preSolution
		Debug|Any CPU = Debug|Any CPU
		Release|Any CPU = Release|Any CPU
	EndGlobalSection
	GlobalSection(ProjectConfigurationPlatforms) = postSolution
		{359CBB1D-539F-403D-B067-CE98EA1F839A}.Debug|Any CPU.ActiveCfg = Debug|Any CPU
		{359CBB1D-539F-403D-B067-CE98EA1F839A}.Debug|Any CPU.Build.0 = Debug|Any CPU
		{359CBB1D-539F-403D-B067-CE98EA1F839A}.Release|Any CPU.ActiveCfg = Release|Any CPU
		{359CBB1D-539F-403D-B067-CE98EA1F839A}.Release|Any CPU.Build.0 = Release|Any CPU
	EndGlobalSection
	GlobalSection(SolutionProperties) = preSolution
		HideSolutionNode = FALSE
	EndGlobalSection
	GlobalSection(ExtensibilityGlobals) = postSolution
		SolutionGuid = {25DE51E1-CB5D-43DA-BA76-EAD1460BB2F9}
	EndGlobalSection
EndGlobal
